
Microsoft Visual Studio Solution File, Format Version 12.00
# Visual Studio 15
VisualStudioVersion = 15.0.27703.2035
MinimumVisualStudioVersion = 10.0.40219.1
Project("{FAE04EC0-301F-11D3-BF4B-00C04F79EFBC}") = "CustomAuth", "CustomAuth\CustomAuth.csproj", "{9033EB93-2D27-4B65-B8B0-E72B646F1E9F}"
EndProject
Global
	GlobalSection(SolutionConfigurationPlatforms) = preSolution
		Debug|Any CPU = Debug|Any CPU
		Release|Any CPU = Release|Any CPU
	EndGlobalSection
	GlobalSection(ProjectConfigurationPlatforms) = postSolution
		{9033EB93-2D27-4B65-B8B0-E72B646F1E9F}.Debug|Any CPU.ActiveCfg = Debug|Any CPU
		{9033EB93-2D27-4B65-B8B0-E72B646F1E9F}.Debug|Any CPU.Build.0 = Debug|Any CPU
		{9033EB93-2D27-4B65-B8B0-E72B646F1E9F}.Release|Any CPU.ActiveCfg = Release|Any CPU
		{9033EB93-2D27-4B65-B8B0-E72B646F1E9F}.Release|Any CPU.Build.0 = Release|Any CPU
	EndGlobalSection
	GlobalSection(SolutionProperties) = preSolution
		HideSolutionNode = FALSE
	EndGlobalSection
	GlobalSection(ExtensibilityGlobals) = postSolution
		SolutionGuid = {B23CA677-849A-4F5E-A92D-889219BB31B3}
	EndGlobalSection
EndGlobal
